PODS:
  - CocoaAsyncSocket (7.6.4)
  - Entity (0.1.1)
  - HTTPParserC (2.9.2)
  - MarqueeLabel (4.0.5)
  - NotificationBannerSwift (3.0.2):
    - MarqueeLabel (~> 4.0.0)
    - SnapKit (~> 5.0.0)
  - SnapKit (5.0.1)
  - SQLite.swift (0.12.2):
    - SQLite.swift/standard (= 0.12.2)
  - SQLite.swift/standard (0.12.2)
  - Telegraph (0.28):
    - CocoaAsyncSocket (~> 7.5)
    - HTTPParserC (~> 2.7)

DEPENDENCIES:
  - Entity (from `https://github.com/ReQEnoxus/Entity.git`)
  - NotificationBannerSwift (~> 3.0.0)
  - SnapKit (~> 5.0)
  - SQLite.swift (~> 0.12.0)
  - Telegraph

SPEC REPOS:
  trunk:
    - CocoaAsyncSocket
    - HTTPParserC
    - MarqueeLabel
    - NotificationBannerSwift
    - SnapKit
    - SQLite.swift
    - Telegraph

EXTERNAL SOURCES:
  Entity:
    :git: https://github.com/ReQEnoxus/Entity.git

CHECKOUT OPTIONS:
  Entity:
    :commit: bfadbb5806e49ac9356bc03f9f0f23aa4a7deb38
    :git: https://github.com/ReQEnoxus/Entity.git

SPEC CHECKSUMS:
  CocoaAsyncSocket: 694058e7c0ed05a9e217d1b3c7ded962f4180845
  Entity: b3840c96e0ef1595942f8a78691cae3b897c5879
  HTTPParserC: 1ed389f80bb57a5b967d87d5358b8a94418394ee
  MarqueeLabel: 00cc0bcd087111dca575878b3531af980559707d
  NotificationBannerSwift: 713e20f21b6105f4a36a00e5d9fa414a930d3d8e
  SnapKit: 97b92857e3df3a0c71833cce143274bf6ef8e5eb
  SQLite.swift: d2b4642190917051ce6bd1d49aab565fe794eea3
  Telegraph: 6820cf262064f2c15a393fb56401834141d0310e

PODFILE CHECKSUM: 0677579622388383d7137d1f8a09ecf6a8825c4a

COCOAPODS: 1.9.3
